// !$*UTF8*$!
{
	archiveVersion = 1;
	classes = {
	};
	objectVersion = 55;
	objects = {

/* Begin PBXBuildFile section */
		8604134028EC3B85003251FC /* AppDelegate.swift in Sources */ = {isa = PBXBuildFile; fileRef = 8604133F28EC3B85003251FC /* AppDelegate.swift */; };
		8604134228EC3B85003251FC /* SceneDelegate.swift in Sources */ = {isa = PBXBuildFile; fileRef = 8604134128EC3B85003251FC /* SceneDelegate.swift */; };
		8604134728EC3B85003251FC /* Main.storyboard in Resources */ = {isa = PBXBuildFile; fileRef = 8604134528EC3B85003251FC /* Main.storyboard */; };
		8604134A28EC3B85003251FC /* mySchoolLife.xcdatamodeld in Sources */ = {isa = PBXBuildFile; fileRef = 8604134828EC3B85003251FC /* mySchoolLife.xcdatamodeld */; };
		8604134C28EC3B87003251FC /* Assets.xcassets in Resources */ = {isa = PBXBuildFile; fileRef = 8604134B28EC3B87003251FC /* Assets.xcassets */; };
		8604134F28EC3B87003251FC /* LaunchScreen.storyboard in Resources */ = {isa = PBXBuildFile; fileRef = 8604134D28EC3B87003251FC /* LaunchScreen.storyboard */; };
		8604135728EC4337003251FC /* profile.storyboard in Resources */ = {isa = PBXBuildFile; fileRef = 8604135628EC4337003251FC /* profile.storyboard */; };
		8604135928EC44BA003251FC /* marks.storyboard in Resources */ = {isa = PBXBuildFile; fileRef = 8604135828EC44BA003251FC /* marks.storyboard */; };
		8604135B28EC4539003251FC /* homework.storyboard in Resources */ = {isa = PBXBuildFile; fileRef = 8604135A28EC4539003251FC /* homework.storyboard */; };
		8618C7CD28EC61FA0049E739 /* ProfileViewController.swift in Sources */ = {isa = PBXBuildFile; fileRef = 8618C7CC28EC61FA0049E739 /* ProfileViewController.swift */; };
		8631C79728F5B72E00C3AF23 /* HomeworkTableViewCell.swift in Sources */ = {isa = PBXBuildFile; fileRef = 8631C79628F5B72E00C3AF23 /* HomeworkTableViewCell.swift */; };
		8631C79928F5B73A00C3AF23 /* HomeworkTableViewController.swift in Sources */ = {isa = PBXBuildFile; fileRef = 8631C79828F5B73A00C3AF23 /* HomeworkTableViewController.swift */; };
		8665BA9A28F08B8000EEF2B7 /* TableViewController.swift in Sources */ = {isa = PBXBuildFile; fileRef = 8665BA9928F08B8000EEF2B7 /* TableViewController.swift */; };
		866FB14328EC598300086D87 /* HomeworkViewController.swift in Sources */ = {isa = PBXBuildFile; fileRef = 866FB14228EC598300086D87 /* HomeworkViewController.swift */; };
		86BEEAA828EC845300371C10 /* ProfileTableViewController.swift in Sources */ = {isa = PBXBuildFile; fileRef = 86BEEAA728EC845300371C10 /* ProfileTableViewController.swift */; };
		86CB7E2328F324780083E40F /* TableViewCell.swift in Sources */ = {isa = PBXBuildFile; fileRef = 86CB7E2228F324780083E40F /* TableViewCell.swift */; };
		86F73A2A28F080400071EB97 /* ViewController.swift in Sources */ = {isa = PBXBuildFile; fileRef = 86F73A2928F080400071EB97 /* ViewController.swift */; };
/* End PBXBuildFile section */

/* Begin PBXFileReference section */
		8604133C28EC3B85003251FC /* mySchoolLife.app */ = {isa = PBXFileReference; explicitFileType = wrapper.application; includeInIndex = 0; path = mySchoolLife.app; sourceTree = BUILT_PRODUCTS_DIR; };
		8604133F28EC3B85003251FC /* AppDelegate.swift */ = {isa = PBXFileReference; lastKnownFileType = sourcecode.swift; path = AppDelegate.swift; sourceTree = "<group>"; };
		8604134128EC3B85003251FC /* SceneDelegate.swift */ = {isa = PBXFileReference; lastKnownFileType = sourcecode.swift; path = SceneDelegate.swift; sourceTree = "<group>"; };
		8604134628EC3B85003251FC /* Base */ = {isa = PBXFileReference; lastKnownFileType = file.storyboard; name = Base; path = Base.lproj/Main.storyboard; sourceTree = "<group>"; };
		8604134928EC3B85003251FC /* mySchoolLife.xcdatamodel */ = {isa = PBXFileReference; lastKnownFileType = wrapper.xcdatamodel; path = mySchoolLife.xcdatamodel; sourceTree = "<group>"; };
		8604134B28EC3B87003251FC /* Assets.xcassets */ = {isa = PBXFileReference; lastKnownFileType = folder.assetcatalog; path = Assets.xcassets; sourceTree = "<group>"; };
		8604134E28EC3B87003251FC /* Base */ = {isa = PBXFileReference; lastKnownFileType = file.storyboard; name = Base; path = Base.lproj/LaunchScreen.storyboard; sourceTree = "<group>"; };
		8604135028EC3B87003251FC /* Info.plist */ = {isa = PBXFileReference; lastKnownFileType = text.plist.xml; path = Info.plist; sourceTree = "<group>"; };
		8604135628EC4337003251FC /* profile.storyboard */ = {isa = PBXFileReference; lastKnownFileType = file.storyboard; path = profile.storyboard; sourceTree = "<group>"; };
		8604135828EC44BA003251FC /* marks.storyboard */ = {isa = PBXFileReference; lastKnownFileType = file.storyboard; path = marks.storyboard; sourceTree = "<group>"; };
		8604135A28EC4539003251FC /* homework.storyboard */ = {isa = PBXFileReference; lastKnownFileType = file.storyboard; path = homework.storyboard; sourceTree = "<group>"; };
		8618C7CC28EC61FA0049E739 /* ProfileViewController.swift */ = {isa = PBXFileReference; lastKnownFileType = sourcecode.swift; path = ProfileViewController.swift; sourceTree = "<group>"; };
		8631C79628F5B72E00C3AF23 /* HomeworkTableViewCell.swift */ = {isa = PBXFileReference; lastKnownFileType = sourcecode.swift; path = HomeworkTableViewCell.swift; sourceTree = "<group>"; };
		8631C79828F5B73A00C3AF23 /* HomeworkTableViewController.swift */ = {isa = PBXFileReference; lastKnownFileType = sourcecode.swift; path = HomeworkTableViewController.swift; sourceTree = "<group>"; };
		8665BA9928F08B8000EEF2B7 /* TableViewController.swift */ = {isa = PBXFileReference; lastKnownFileType = sourcecode.swift; path = TableViewController.swift; sourceTree = "<group>"; };
		866FB14228EC598300086D87 /* HomeworkViewController.swift */ = {isa = PBXFileReference; lastKnownFileType = sourcecode.swift; path = HomeworkViewController.swift; sourceTree = "<group>"; };
		86BEEAA728EC845300371C10 /* ProfileTableViewController.swift */ = {isa = PBXFileReference; lastKnownFileType = sourcecode.swift; path = ProfileTableViewController.swift; sourceTree = "<group>"; };
		86CB7E2228F324780083E40F /* TableViewCell.swift */ = {isa = PBXFileReference; lastKnownFileType = sourcecode.swift; path = TableViewCell.swift; sourceTree = "<group>"; };
		86F73A2928F080400071EB97 /* ViewController.swift */ = {isa = PBXFileReference; lastKnownFileType = sourcecode.swift; path = ViewController.swift; sourceTree = "<group>"; };
/* End PBXFileReference section */

/* Begin PBXFrameworksBuildPhase section */
		8604133928EC3B85003251FC /* Frameworks */ = {
			isa = PBXFrameworksBuildPhase;
			buildActionMask = 2147483647;
			files = (
			);
			runOnlyForDeploymentPostprocessing = 0;
		};
/* End PBXFrameworksBuildPhase section */

/* Begin PBXGroup section */
		8604133328EC3B85003251FC = {
			isa = PBXGroup;
			children = (
				8604133E28EC3B85003251FC /* mySchoolLife */,
				8604133D28EC3B85003251FC /* Products */,
			);
			sourceTree = "<group>";
		};
		8604133D28EC3B85003251FC /* Products */ = {
			isa = PBXGroup;
			children = (
				8604133C28EC3B85003251FC /* mySchoolLife.app */,
			);
			name = Products;
			sourceTree = "<group>";
		};
		8604133E28EC3B85003251FC /* mySchoolLife */ = {
			isa = PBXGroup;
			children = (
				8604133F28EC3B85003251FC /* AppDelegate.swift */,
				8604134128EC3B85003251FC /* SceneDelegate.swift */,
				8604134528EC3B85003251FC /* Main.storyboard */,
				8618C7CE28EC61FD0049E739 /* Profile */,
				866FB14728EC5AF700086D87 /* MarkGroup */,
				866FB14628EC5AEE00086D87 /* HomeWork */,
				8604134B28EC3B87003251FC /* Assets.xcassets */,
				8604134D28EC3B87003251FC /* LaunchScreen.storyboard */,
				8604135028EC3B87003251FC /* Info.plist */,
				8604134828EC3B85003251FC /* mySchoolLife.xcdatamodeld */,
			);
			path = mySchoolLife;
			sourceTree = "<group>";
		};
		8618C7CE28EC61FD0049E739 /* Profile */ = {
			isa = PBXGroup;
			children = (
				8604135628EC4337003251FC /* profile.storyboard */,
				86BEEAA728EC845300371C10 /* ProfileTableViewController.swift */,
				8618C7CC28EC61FA0049E739 /* ProfileViewController.swift */,
			);
			path = Profile;
			sourceTree = "<group>";
		};
		866FB14628EC5AEE00086D87 /* HomeWork */ = {
			isa = PBXGroup;
			children = (
				8604135A28EC4539003251FC /* homework.storyboard */,
				8631C79628F5B72E00C3AF23 /* HomeworkTableViewCell.swift */,
				8631C79828F5B73A00C3AF23 /* HomeworkTableViewController.swift */,
				866FB14228EC598300086D87 /* HomeworkViewController.swift */,
			);
			path = HomeWork;
			sourceTree = "<group>";
		};
		866FB14728EC5AF700086D87 /* MarkGroup */ = {
			isa = PBXGroup;
			children = (
				8604135828EC44BA003251FC /* marks.storyboard */,
				8665BA9928F08B8000EEF2B7 /* TableViewController.swift */,
				86F73A2928F080400071EB97 /* ViewController.swift */,
				86CB7E2228F324780083E40F /* TableViewCell.swift */,
			);
			path = MarkGroup;
			sourceTree = "<group>";
		};
/* End PBXGroup section */

/* Begin PBXNativeTarget section */
		8604133B28EC3B85003251FC /* mySchoolLife */ = {
			isa = PBXNativeTarget;
			buildConfigurationList = 8604135328EC3B87003251FC /* Build configuration list for PBXNativeTarget "mySchoolLife" */;
			buildPhases = (
				8604133828EC3B85003251FC /* Sources */,
				8604133928EC3B85003251FC /* Frameworks */,
				8604133A28EC3B85003251FC /* Resources */,
			);
			buildRules = (
			);
			dependencies = (
			);
			name = mySchoolLife;
			productName = mySchoolLife;
			productReference = 8604133C28EC3B85003251FC /* mySchoolLife.app */;
			productType = "com.apple.product-type.application";
		};
/* End PBXNativeTarget section */

/* Begin PBXProject section */
		8604133428EC3B85003251FC /* Project object */ = {
			isa = PBXProject;
			attributes = {
				BuildIndependentTargetsInParallel = 1;
				LastSwiftUpdateCheck = 1330;
				LastUpgradeCheck = 1330;
				TargetAttributes = {
					8604133B28EC3B85003251FC = {
						CreatedOnToolsVersion = 13.3.1;
					};
				};
			};
			buildConfigurationList = 8604133728EC3B85003251FC /* Build configuration list for PBXProject "mySchoolLife" */;
			compatibilityVersion = "Xcode 13.0";
			developmentRegion = en;
			hasScannedForEncodings = 0;
			knownRegions = (
				en,
				Base,
			);
			mainGroup = 8604133328EC3B85003251FC;
			productRefGroup = 8604133D28EC3B85003251FC /* Products */;
			projectDirPath = "";
			projectRoot = "";
			targets = (
				8604133B28EC3B85003251FC /* mySchoolLife */,
			);
		};
/* End PBXProject section */

/* Begin PBXResourcesBuildPhase section */
		8604133A28EC3B85003251FC /* Resources */ = {
			isa = PBXResourcesBuildPhase;
			buildActionMask = 2147483647;
			files = (
				8604135B28EC4539003251FC /* homework.storyboard in Resources */,
				8604135928EC44BA003251FC /* marks.storyboard in Resources */,
				8604134F28EC3B87003251FC /* LaunchScreen.storyboard in Resources */,
				8604134C28EC3B87003251FC /* Assets.xcassets in Resources */,
				8604135728EC4337003251FC /* profile.storyboard in Resources */,
				8604134728EC3B85003251FC /* Main.storyboard in Resources */,
			);
			runOnlyForDeploymentPostprocessing = 0;
		};
/* End PBXResourcesBuildPhase section */

/* Begin PBXSourcesBuildPhase section */
		8604133828EC3B85003251FC /* Sources */ = {
			isa = PBXSourcesBuildPhase;
			buildActionMask = 2147483647;
			files = (
				8631C79928F5B73A00C3AF23 /* HomeworkTableViewController.swift in Sources */,
				86BEEAA828EC845300371C10 /* ProfileTableViewController.swift in Sources */,
				8604134028EC3B85003251FC /* AppDelegate.swift in Sources */,
				866FB14328EC598300086D87 /* HomeworkViewController.swift in Sources */,
				8631C79728F5B72E00C3AF23 /* HomeworkTableViewCell.swift in Sources */,
				86CB7E2328F324780083E40F /* TableViewCell.swift in Sources */,
				8604134228EC3B85003251FC /* SceneDelegate.swift in Sources */,
				8618C7CD28EC61FA0049E739 /* ProfileViewController.swift in Sources */,
				86F73A2A28F080400071EB97 /* ViewController.swift in Sources */,
				8665BA9A28F08B8000EEF2B7 /* TableViewController.swift in Sources */,
				8604134A28EC3B85003251FC /* mySchoolLife.xcdatamodeld in Sources */,
			);
			runOnlyForDeploymentPostprocessing = 0;
		};
/* End PBXSourcesBuildPhase section */

/* Begin PBXVariantGroup section */
		8604134528EC3B85003251FC /* Main.storyboard */ = {
			isa = PBXVariantGroup;
			children = (
				8604134628EC3B85003251FC /* Base */,
			);
			name = Main.storyboard;
			sourceTree = "<group>";
		};
		8604134D28EC3B87003251FC /* LaunchScreen.storyboard */ = {
			isa = PBXVariantGroup;
			children = (
				8604134E28EC3B87003251FC /* Base */,
			);
			name = LaunchScreen.storyboard;
			sourceTree = "<group>";
		};
/* End PBXVariantGroup section */

/* Begin XCBuildConfiguration section */
		8604135128EC3B87003251FC /* Debug */ = {
			isa = XCBuildConfiguration;
			buildSettings = {
				ALWAYS_SEARCH_USER_PATHS = NO;
				CLANG_ANALYZER_NONNULL = YES;
				CLANG_ANALYZER_NUMBER_OBJECT_CONVERSION = YES_AGGRESSIVE;
				CLANG_CXX_LANGUAGE_STANDARD = "gnu++17";
				CLANG_ENABLE_MODULES = YES;
				CLANG_ENABLE_OBJC_ARC = YES;
				CLANG_ENABLE_OBJC_WEAK = YES;
				CLANG_WARN_BLOCK_CAPTURE_AUTORELEASING = YES;
				CLANG_WARN_BOOL_CONVERSION = YES;
				CLANG_WARN_COMMA = YES;
				CLANG_WARN_CONSTANT_CONVERSION = YES;
				CLANG_WARN_DEPRECATED_OBJC_IMPLEMENTATIONS = YES;
				CLANG_WARN_DIRECT_OBJC_ISA_USAGE = YES_ERROR;
				CLANG_WARN_DOCUMENTATION_COMMENTS = YES;
				CLANG_WARN_EMPTY_BODY = YES;
				CLANG_WARN_ENUM_CONVERSION = YES;
				CLANG_WARN_INFINITE_RECURSION = YES;
				CLANG_WARN_INT_CONVERSION = YES;
				CLANG_WARN_NON_LITERAL_NULL_CONVERSION = YES;
				CLANG_WARN_OBJC_IMPLICIT_RETAIN_SELF = YES;
				CLANG_WARN_OBJC_LITERAL_CONVERSION = YES;
				CLANG_WARN_OBJC_ROOT_CLASS = YES_ERROR;
				CLANG_WARN_QUOTED_INCLUDE_IN_FRAMEWORK_HEADER = YES;
				CLANG_WARN_RANGE_LOOP_ANALYSIS = YES;
				CLANG_WARN_STRICT_PROTOTYPES = YES;
				CLANG_WARN_SUSPICIOUS_MOVE = YES;
				CLANG_WARN_UNGUARDED_AVAILABILITY = YES_AGGRESSIVE;
				CLANG_WARN_UNREACHABLE_CODE = YES;
				CLANG_WARN__DUPLICATE_METHOD_MATCH = YES;
				COPY_PHASE_STRIP = NO;
				DEBUG_INFORMATION_FORMAT = dwarf;
				ENABLE_STRICT_OBJC_MSGSEND = YES;
				ENABLE_TESTABILITY = YES;
				GCC_C_LANGUAGE_STANDARD = gnu11;
				GCC_DYNAMIC_NO_PIC = NO;
				GCC_NO_COMMON_BLOCKS = YES;
				GCC_OPTIMIZATION_LEVEL = 0;
				GCC_PREPROCESSOR_DEFINITIONS = (
					"DEBUG=1",
					"$(inherited)",
				);
				GCC_WARN_64_TO_32_BIT_CONVERSION = YES;
				GCC_WARN_ABOUT_RETURN_TYPE = YES_ERROR;
				GCC_WARN_UNDECLARED_SELECTOR = YES;
				GCC_WARN_UNINITIALIZED_AUTOS = YES_AGGRESSIVE;
				GCC_WARN_UNUSED_FUNCTION = YES;
				GCC_WARN_UNUSED_VARIABLE = YES;
				IPHONEOS_DEPLOYMENT_TARGET = 15.4;
				MTL_ENABLE_DEBUG_INFO = INCLUDE_SOURCE;
				MTL_FAST_MATH = YES;
				ONLY_ACTIVE_ARCH = YES;
				SDKROOT = iphoneos;
				SWIFT_ACTIVE_COMPILATION_CONDITIONS = DEBUG;
				SWIFT_OPTIMIZATION_LEVEL = "-Onone";
			};
			name = Debug;
		};
		8604135228EC3B87003251FC /* Release */ = {
			isa = XCBuildConfiguration;
			buildSettings = {
				ALWAYS_SEARCH_USER_PATHS = NO;
				CLANG_ANALYZER_NONNULL = YES;
				CLANG_ANALYZER_NUMBER_OBJECT_CONVERSION = YES_AGGRESSIVE;
				CLANG_CXX_LANGUAGE_STANDARD = "gnu++17";
				CLANG_ENABLE_MODULES = YES;
				CLANG_ENABLE_OBJC_ARC = YES;
				CLANG_ENABLE_OBJC_WEAK = YES;
				CLANG_WARN_BLOCK_CAPTURE_AUTORELEASING = YES;
				CLANG_WARN_BOOL_CONVERSION = YES;
				CLANG_WARN_COMMA = YES;
				CLANG_WARN_CONSTANT_CONVERSION = YES;
				CLANG_WARN_DEPRECATED_OBJC_IMPLEMENTATIONS = YES;
				CLANG_WARN_DIRECT_OBJC_ISA_USAGE = YES_ERROR;
				CLANG_WARN_DOCUMENTATION_COMMENTS = YES;
				CLANG_WARN_EMPTY_BODY = YES;
				CLANG_WARN_ENUM_CONVERSION = YES;
				CLANG_WARN_INFINITE_RECURSION = YES;
				CLANG_WARN_INT_CONVERSION = YES;
				CLANG_WARN_NON_LITERAL_NULL_CONVERSION = YES;
				CLANG_WARN_OBJC_IMPLICIT_RETAIN_SELF = YES;
				CLANG_WARN_OBJC_LITERAL_CONVERSION = YES;
				CLANG_WARN_OBJC_ROOT_CLASS = YES_ERROR;
				CLANG_WARN_QUOTED_INCLUDE_IN_FRAMEWORK_HEADER = YES;
				CLANG_WARN_RANGE_LOOP_ANALYSIS = YES;
				CLANG_WARN_STRICT_PROTOTYPES = YES;
				CLANG_WARN_SUSPICIOUS_MOVE = YES;
				CLANG_WARN_UNGUARDED_AVAILABILITY = YES_AGGRESSIVE;
				CLANG_WARN_UNREACHABLE_CODE = YES;
				CLANG_WARN__DUPLICATE_METHOD_MATCH = YES;
				COPY_PHASE_STRIP = NO;
				DEBUG_INFORMATION_FORMAT = "dwarf-with-dsym";
				ENABLE_NS_ASSERTIONS = NO;
				ENABLE_STRICT_OBJC_MSGSEND = YES;
				GCC_C_LANGUAGE_STANDARD = gnu11;
				GCC_NO_COMMON_BLOCKS = YES;
				GCC_WARN_64_TO_32_BIT_CONVERSION = YES;
				GCC_WARN_ABOUT_RETURN_TYPE = YES_ERROR;
				GCC_WARN_UNDECLARED_SELECTOR = YES;
				GCC_WARN_UNINITIALIZED_AUTOS = YES_AGGRESSIVE;
				GCC_WARN_UNUSED_FUNCTION = YES;
				GCC_WARN_UNUSED_VARIABLE = YES;
				IPHONEOS_DEPLOYMENT_TARGET = 15.4;
				MTL_ENABLE_DEBUG_INFO = NO;
				MTL_FAST_MATH = YES;
				SDKROOT = iphoneos;
				SWIFT_COMPILATION_MODE = wholemodule;
				SWIFT_OPTIMIZATION_LEVEL = "-O";
				VALIDATE_PRODUCT = YES;
			};
			name = Release;
		};
		8604135428EC3B87003251FC /* Debug */ = {
			isa = XCBuildConfiguration;
			buildSettings = {
				ASSETCATALOG_COMPILER_APPICON_NAME = AppIcon;
				ASSETCATALOG_COMPILER_GLOBAL_ACCENT_COLOR_NAME = AccentColor;
				CODE_SIGN_STYLE = Automatic;
				CURRENT_PROJECT_VERSION = 1;
				DEVELOPMENT_TEAM = 59WWFG63NN;
				GENERATE_INFOPLIST_FILE = YES;
				INFOPLIST_FILE = mySchoolLife/Info.plist;
				INFOPLIST_KEY_UIApplicationSupportsIndirectInputEvents = YES;
				INFOPLIST_KEY_UILaunchStoryboardName = LaunchScreen;
				INFOPLIST_KEY_UIMainStoryboardFile = Main;
				INFOPLIST_KEY_UISupportedInterfaceOrientations = UIInterfaceOrientationPortrait;
				INFOPLIST_KEY_UISupportedInterfaceOrientations_iPad = "UIInterfaceOrientationPortrait UIInterfaceOrientationPortraitUpsideDown UIInterfaceOrientationLandscapeLeft UIInterfaceOrientationLandscapeRight";
				INFOPLIST_KEY_UISupportedInterfaceOrientations_iPhone = "UIInterfaceOrientationPortrait UIInterfaceOrientationLandscapeLeft UIInterfaceOrientationLandscapeRight";
				IPHONEOS_DEPLOYMENT_TARGET = 15.4;
				LD_RUNPATH_SEARCH_PATHS = (
					"$(inherited)",
					"@executable_path/Frameworks",
				);
				MARKETING_VERSION = 1.0;
				PRODUCT_BUNDLE_IDENTIFIER = ART.mySchoolLife;
				PRODUCT_NAME = "$(TARGET_NAME)";
				SWIFT_EMIT_LOC_STRINGS = YES;
				SWIFT_VERSION = 5.0;
				TARGETED_DEVICE_FAMILY = 1;
			};
			name = Debug;
		};
		8604135528EC3B87003251FC /* Release */ = {
			isa = XCBuildConfiguration;
			buildSettings = {
				ASSETCATALOG_COMPILER_APPICON_NAME = AppIcon;
				ASSETCATALOG_COMPILER_GLOBAL_ACCENT_COLOR_NAME = AccentColor;
				CODE_SIGN_STYLE = Automatic;
				CURRENT_PROJECT_VERSION = 1;
				DEVELOPMENT_TEAM = 59WWFG63NN;
				GENERATE_INFOPLIST_FILE = YES;
				INFOPLIST_FILE = mySchoolLife/Info.plist;
				INFOPLIST_KEY_UIApplicationSupportsIndirectInputEvents = YES;
				INFOPLIST_KEY_UILaunchStoryboardName = LaunchScreen;
				INFOPLIST_KEY_UIMainStoryboardFile = Main;
				INFOPLIST_KEY_UISupportedInterfaceOrientations = UIInterfaceOrientationPortrait;
				INFOPLIST_KEY_UISupportedInterfaceOrientations_iPad = "UIInterfaceOrientationPortrait UIInterfaceOrientationPortraitUpsideDown UIInterfaceOrientationLandscapeLeft UIInterfaceOrientationLandscapeRight";
				INFOPLIST_KEY_UISupportedInterfaceOrientations_iPhone = "UIInterfaceOrientationPortrait UIInterfaceOrientationLandscapeLeft UIInterfaceOrientationLandscapeRight";
				IPHONEOS_DEPLOYMENT_TARGET = 15.4;
				LD_RUNPATH_SEARCH_PATHS = (
					"$(inherited)",
					"@executable_path/Frameworks",
				);
				MARKETING_VERSION = 1.0;
				PRODUCT_BUNDLE_IDENTIFIER = ART.mySchoolLife;
				PRODUCT_NAME = "$(TARGET_NAME)";
				SWIFT_EMIT_LOC_STRINGS = YES;
				SWIFT_VERSION = 5.0;
				TARGETED_DEVICE_FAMILY = 1;
			};
			name = Release;
		};
/* End XCBuildConfiguration section */

/* Begin XCConfigurationList section */
		8604133728EC3B85003251FC /* Build configuration list for PBXProject "mySchoolLife" */ = {
			isa = XCConfigurationList;
			buildConfigurations = (
				8604135128EC3B87003251FC /* Debug */,
				8604135228EC3B87003251FC /* Release */,
			);
			defaultConfigurationIsVisible = 0;
			defaultConfigurationName = Release;
		};
		8604135328EC3B87003251FC /* Build configuration list for PBXNativeTarget "mySchoolLife" */ = {
			isa = XCConfigurationList;
			buildConfigurations = (
				8604135428EC3B87003251FC /* Debug */,
				8604135528EC3B87003251FC /* Release */,
			);
			defaultConfigurationIsVisible = 0;
			defaultConfigurationName = Release;
		};
/* End XCConfigurationList section */

/* Begin XCVersionGroup section */
		8604134828EC3B85003251FC /* mySchoolLife.xcdatamodeld */ = {
			isa = XCVersionGroup;
			children = (
				8604134928EC3B85003251FC /* mySchoolLife.xcdatamodel */,
			);
			currentVersion = 8604134928EC3B85003251FC /* mySchoolLife.xcdatamodel */;
			path = mySchoolLife.xcdatamodeld;
			sourceTree = "<group>";
			versionGroupType = wrapper.xcdatamodel;
		};
/* End XCVersionGroup section */
	};
	rootObject = 8604133428EC3B85003251FC /* Project object */;
}
